// !$*UTF8*$!
{
	archiveVersion = 1;
	classes = {
	};
	objectVersion = 50;
	objects = {

/* Begin PBXBuildFile section */
		294CF4A3268DE5CD00F79676 /* SnowFallApp.swift in Sources */ = {isa = PBXBuildFile; fileRef = 294CF4A2268DE5CD00F79676 /* SnowFallApp.swift */; };
		294CF4A5268DE5CD00F79676 /* ContentView.swift in Sources */ = {isa = PBXBuildFile; fileRef = 294CF4A4268DE5CD00F79676 /* ContentView.swift */; };
		294CF4A7268DE5D100F79676 /* Assets.xcassets in Resources */ = {isa = PBXBuildFile; fileRef = 294CF4A6268DE5D100F79676 /* Assets.xcassets */; };
		294CF4AA268DE5D100F79676 /* Preview Assets.xcassets in Resources */ = {isa = PBXBuildFile; fileRef = 294CF4A9268DE5D100F79676 /* Preview Assets.xcassets */; };
		294CF4B3268DF9C100F79676 /* InitialView.swift in Sources */ = {isa = PBXBuildFile; fileRef = 294CF4B2268DF9C100F79676 /* InitialView.swift */; };
		2979B41D269DC118005E98F7 /* WeatherView.swift in Sources */ = {isa = PBXBuildFile; fileRef = 2979B41C269DC118005E98F7 /* WeatherView.swift */; };
/* End PBXBuildFile section */

/* Begin PBXFileReference section */
		294CF49F268DE5CD00F79676 /* SnowFall.app */ = {isa = PBXFileReference; explicitFileType = wrapper.application; includeInIndex = 0; path = SnowFall.app; sourceTree = BUILT_PRODUCTS_DIR; };
		294CF4A2268DE5CD00F79676 /* SnowFallApp.swift */ = {isa = PBXFileReference; lastKnownFileType = sourcecode.swift; path = SnowFallApp.swift; sourceTree = "<group>"; };
		294CF4A4268DE5CD00F79676 /* ContentView.swift */ = {isa = PBXFileReference; lastKnownFileType = sourcecode.swift; path = ContentView.swift; sourceTree = "<group>"; };
		294CF4A6268DE5D100F79676 /* Assets.xcassets */ = {isa = PBXFileReference; lastKnownFileType = folder.assetcatalog; path = Assets.xcassets; sourceTree = "<group>"; };
		294CF4A9268DE5D100F79676 /* Preview Assets.xcassets */ = {isa = PBXFileReference; lastKnownFileType = folder.assetcatalog; path = "Preview Assets.xcassets"; sourceTree = "<group>"; };
		294CF4AB268DE5D100F79676 /* Info.plist */ = {isa = PBXFileReference; lastKnownFileType = text.plist.xml; path = Info.plist; sourceTree = "<group>"; };
		294CF4B2268DF9C100F79676 /* InitialView.swift */ = {isa = PBXFileReference; lastKnownFileType = sourcecode.swift; path = InitialView.swift; sourceTree = "<group>"; };
		2979B41C269DC118005E98F7 /* WeatherView.swift */ = {isa = PBXFileReference; lastKnownFileType = sourcecode.swift; path = WeatherView.swift; sourceTree = "<group>"; };
/* End PBXFileReference section */

/* Begin PBXFrameworksBuildPhase section */
		294CF49C268DE5CD00F79676 /* Frameworks */ = {
			isa = PBXFrameworksBuildPhase;
			buildActionMask = 2147483647;
			files = (
			);
			runOnlyForDeploymentPostprocessing = 0;
		};
/* End PBXFrameworksBuildPhase section */

/* Begin PBXGroup section */
		294CF496268DE5CD00F79676 = {
			isa = PBXGroup;
			children = (
				294CF4A1268DE5CD00F79676 /* SnowFall */,
				294CF4A0268DE5CD00F79676 /* Products */,
			);
			sourceTree = "<group>";
		};
		294CF4A0268DE5CD00F79676 /* Products */ = {
			isa = PBXGroup;
			children = (
				294CF49F268DE5CD00F79676 /* SnowFall.app */,
			);
			name = Products;
			sourceTree = "<group>";
		};
		294CF4A1268DE5CD00F79676 /* SnowFall */ = {
			isa = PBXGroup;
			children = (
				294CF4A2268DE5CD00F79676 /* SnowFallApp.swift */,
				294CF4A4268DE5CD00F79676 /* ContentView.swift */,
				294CF4A6268DE5D100F79676 /* Assets.xcassets */,
				294CF4AB268DE5D100F79676 /* Info.plist */,
				294CF4A8268DE5D100F79676 /* Preview Content */,
				294CF4B2268DF9C100F79676 /* InitialView.swift */,
				2979B41C269DC118005E98F7 /* WeatherView.swift */,
			);
			path = SnowFall;
			sourceTree = "<group>";
		};
		294CF4A8268DE5D100F79676 /* Preview Content */ = {
			isa = PBXGroup;
			children = (
				294CF4A9268DE5D100F79676 /* Preview Assets.xcassets */,
			);
			path = "Preview Content";
			sourceTree = "<group>";
		};
/* End PBXGroup section */

/* Begin PBXNativeTarget section */
		294CF49E268DE5CD00F79676 /* SnowFall */ = {
			isa = PBXNativeTarget;
			buildConfigurationList = 294CF4AE268DE5D100F79676 /* Build configuration list for PBXNativeTarget "SnowFall" */;
			buildPhases = (
				294CF49B268DE5CD00F79676 /* Sources */,
				294CF49C268DE5CD00F79676 /* Frameworks */,
				294CF49D268DE5CD00F79676 /* Resources */,
			);
			buildRules = (
			);
			dependencies = (
			);
			name = SnowFall;
			productName = SnowFall;
			productReference = 294CF49F268DE5CD00F79676 /* SnowFall.app */;
			productType = "com.apple.product-type.application";
		};
/* End PBXNativeTarget section */

/* Begin PBXProject section */
		294CF497268DE5CD00F79676 /* Project object */ = {
			isa = PBXProject;
			attributes = {
				LastSwiftUpdateCheck = 1230;
				LastUpgradeCheck = 1230;
				TargetAttributes = {
					294CF49E268DE5CD00F79676 = {
						CreatedOnToolsVersion = 12.3;
					};
				};
			};
			buildConfigurationList = 294CF49A268DE5CD00F79676 /* Build configuration list for PBXProject "SnowFall" */;
			compatibilityVersion = "Xcode 9.3";
			developmentRegion = en;
			hasScannedForEncodings = 0;
			knownRegions = (
				en,
				Base,
			);
			mainGroup = 294CF496268DE5CD00F79676;
			productRefGroup = 294CF4A0268DE5CD00F79676 /* Products */;
			projectDirPath = "";
			projectRoot = "";
			targets = (
				294CF49E268DE5CD00F79676 /* SnowFall */,
			);
		};
/* End PBXProject section */

/* Begin PBXResourcesBuildPhase section */
		294CF49D268DE5CD00F79676 /* Resources */ = {
			isa = PBXResourcesBuildPhase;
			buildActionMask = 2147483647;
			files = (
				294CF4AA268DE5D100F79676 /* Preview Assets.xcassets in Resources */,
				294CF4A7268DE5D100F79676 /* Assets.xcassets in Resources */,
			);
			runOnlyForDeploymentPostprocessing = 0;
		};
/* End PBXResourcesBuildPhase section */

/* Begin PBXSourcesBuildPhase section */
		294CF49B268DE5CD00F79676 /* Sources */ = {
			isa = PBXSourcesBuildPhase;
			buildActionMask = 2147483647;
			files = (
				294CF4B3268DF9C100F79676 /* InitialView.swift in Sources */,
				294CF4A5268DE5CD00F79676 /* ContentView.swift in Sources */,
				294CF4A3268DE5CD00F79676 /* SnowFallApp.swift in Sources */,
				2979B41D269DC118005E98F7 /* WeatherView.swift in Sources */,
			);
			runOnlyForDeploymentPostprocessing = 0;
		};
/* End PBXSourcesBuildPhase section */

/* Begin XCBuildConfiguration section */
		294CF4AC268DE5D100F79676 /* Debug */ = {
			isa = XCBuildConfiguration;
			buildSettings = {
				ALWAYS_SEARCH_USER_PATHS = NO;
				CLANG_ANALYZER_NONNULL = YES;
				CLANG_ANALYZER_NUMBER_OBJECT_CONVERSION = YES_AGGRESSIVE;
				CLANG_CXX_LANGUAGE_STANDARD = "gnu++14";
				CLANG_CXX_LIBRARY = "libc++";
				CLANG_ENABLE_MODULES = YES;
				CLANG_ENABLE_OBJC_ARC = YES;
				CLANG_ENABLE_OBJC_WEAK = YES;
				CLANG_WARN_BLOCK_CAPTURE_AUTORELEASING = YES;
				CLANG_WARN_BOOL_CONVERSION = YES;
				CLANG_WARN_COMMA = YES;
				CLANG_WARN_CONSTANT_CONVERSION = YES;
				CLANG_WARN_DEPRECATED_OBJC_IMPLEMENTATIONS = YES;
				CLANG_WARN_DIRECT_OBJC_ISA_USAGE = YES_ERROR;
				CLANG_WARN_DOCUMENTATION_COMMENTS = YES;
				CLANG_WARN_EMPTY_BODY = YES;
				CLANG_WARN_ENUM_CONVERSION = YES;
				CLANG_WARN_INFINITE_RECURSION = YES;
				CLANG_WARN_INT_CONVERSION = YES;
				CLANG_WARN_NON_LITERAL_NULL_CONVERSION = YES;
				CLANG_WARN_OBJC_IMPLICIT_RETAIN_SELF = YES;
				CLANG_WARN_OBJC_LITERAL_CONVERSION = YES;
				CLANG_WARN_OBJC_ROOT_CLASS = YES_ERROR;
				CLANG_WARN_QUOTED_INCLUDE_IN_FRAMEWORK_HEADER = YES;
				CLANG_WARN_RANGE_LOOP_ANALYSIS = YES;
				CLANG_WARN_STRICT_PROTOTYPES = YES;
				CLANG_WARN_SUSPICIOUS_MOVE = YES;
				CLANG_WARN_UNGUARDED_AVAILABILITY = YES_AGGRESSIVE;
				CLANG_WARN_UNREACHABLE_CODE = YES;
				CLANG_WARN__DUPLICATE_METHOD_MATCH = YES;
				COPY_PHASE_STRIP = NO;
				DEBUG_INFORMATION_FORMAT = dwarf;
				ENABLE_STRICT_OBJC_MSGSEND = YES;
				ENABLE_TESTABILITY = YES;
				GCC_C_LANGUAGE_STANDARD = gnu11;
				GCC_DYNAMIC_NO_PIC = NO;
				GCC_NO_COMMON_BLOCKS = YES;
				GCC_OPTIMIZATION_LEVEL = 0;
				GCC_PREPROCESSOR_DEFINITIONS = (
					"DEBUG=1",
					"$(inherited)",
				);
				GCC_WARN_64_TO_32_BIT_CONVERSION = YES;
				GCC_WARN_ABOUT_RETURN_TYPE = YES_ERROR;
				GCC_WARN_UNDECLARED_SELECTOR = YES;
				GCC_WARN_UNINITIALIZED_AUTOS = YES_AGGRESSIVE;
				GCC_WARN_UNUSED_FUNCTION = YES;
				GCC_WARN_UNUSED_VARIABLE = YES;
				IPHONEOS_DEPLOYMENT_TARGET = 14.3;
				MTL_ENABLE_DEBUG_INFO = INCLUDE_SOURCE;
				MTL_FAST_MATH = YES;
				ONLY_ACTIVE_ARCH = YES;
				SDKROOT = iphoneos;
				SWIFT_ACTIVE_COMPILATION_CONDITIONS = DEBUG;
				SWIFT_OPTIMIZATION_LEVEL = "-Onone";
			};
			name = Debug;
		};
		294CF4AD268DE5D100F79676 /* Release */ = {
			isa = XCBuildConfiguration;
			buildSettings = {
				ALWAYS_SEARCH_USER_PATHS = NO;
				CLANG_ANALYZER_NONNULL = YES;
				CLANG_ANALYZER_NUMBER_OBJECT_CONVERSION = YES_AGGRESSIVE;
				CLANG_CXX_LANGUAGE_STANDARD = "gnu++14";
				CLANG_CXX_LIBRARY = "libc++";
				CLANG_ENABLE_MODULES = YES;
				CLANG_ENABLE_OBJC_ARC = YES;
				CLANG_ENABLE_OBJC_WEAK = YES;
				CLANG_WARN_BLOCK_CAPTURE_AUTORELEASING = YES;
				CLANG_WARN_BOOL_CONVERSION = YES;
				CLANG_WARN_COMMA = YES;
				CLANG_WARN_CONSTANT_CONVERSION = YES;
				CLANG_WARN_DEPRECATED_OBJC_IMPLEMENTATIONS = YES;
				CLANG_WARN_DIRECT_OBJC_ISA_USAGE = YES_ERROR;
				CLANG_WARN_DOCUMENTATION_COMMENTS = YES;
				CLANG_WARN_EMPTY_BODY = YES;
				CLANG_WARN_ENUM_CONVERSION = YES;
				CLANG_WARN_INFINITE_RECURSION = YES;
				CLANG_WARN_INT_CONVERSION = YES;
				CLANG_WARN_NON_LITERAL_NULL_CONVERSION = YES;
				CLANG_WARN_OBJC_IMPLICIT_RETAIN_SELF = YES;
				CLANG_WARN_OBJC_LITERAL_CONVERSION = YES;
				CLANG_WARN_OBJC_ROOT_CLASS = YES_ERROR;
				CLANG_WARN_QUOTED_INCLUDE_IN_FRAMEWORK_HEADER = YES;
				CLANG_WARN_RANGE_LOOP_ANALYSIS = YES;
				CLANG_WARN_STRICT_PROTOTYPES = YES;
				CLANG_WARN_SUSPICIOUS_MOVE = YES;
				CLANG_WARN_UNGUARDED_AVAILABILITY = YES_AGGRESSIVE;
				CLANG_WARN_UNREACHABLE_CODE = YES;
				CLANG_WARN__DUPLICATE_METHOD_MATCH = YES;
				COPY_PHASE_STRIP = NO;
				DEBUG_INFORMATION_FORMAT = "dwarf-with-dsym";
				ENABLE_NS_ASSERTIONS = NO;
				ENABLE_STRICT_OBJC_MSGSEND = YES;
				GCC_C_LANGUAGE_STANDARD = gnu11;
				GCC_NO_COMMON_BLOCKS = YES;
				GCC_WARN_64_TO_32_BIT_CONVERSION = YES;
				GCC_WARN_ABOUT_RETURN_TYPE = YES_ERROR;
				GCC_WARN_UNDECLARED_SELECTOR = YES;
				GCC_WARN_UNINITIALIZED_AUTOS = YES_AGGRESSIVE;
				GCC_WARN_UNUSED_FUNCTION = YES;
				GCC_WARN_UNUSED_VARIABLE = YES;
				IPHONEOS_DEPLOYMENT_TARGET = 14.3;
				MTL_ENABLE_DEBUG_INFO = NO;
				MTL_FAST_MATH = YES;
				SDKROOT = iphoneos;
				SWIFT_COMPILATION_MODE = wholemodule;
				SWIFT_OPTIMIZATION_LEVEL = "-O";
				VALIDATE_PRODUCT = YES;
			};
			name = Release;
		};
		294CF4AF268DE5D100F79676 /* Debug */ = {
			isa = XCBuildConfiguration;
			buildSettings = {
				ASSETCATALOG_COMPILER_APPICON_NAME = AppIcon;
				ASSETCATALOG_COMPILER_GLOBAL_ACCENT_COLOR_NAME = AccentColor;
				CODE_SIGN_STYLE = Automatic;
				DEVELOPMENT_ASSET_PATHS = "\"SnowFall/Preview Content\"";
				DEVELOPMENT_TEAM = 469RK4A4GN;
				ENABLE_PREVIEWS = YES;
				INFOPLIST_FILE = SnowFall/Info.plist;
				IPHONEOS_DEPLOYMENT_TARGET = 14.1;
				LD_RUNPATH_SEARCH_PATHS = (
					"$(inherited)",
					"@executable_path/Frameworks",
				);
				PRODUCT_BUNDLE_IDENTIFIER = com.SnowFall;
				PRODUCT_NAME = "$(TARGET_NAME)";
				SWIFT_VERSION = 5.0;
				TARGETED_DEVICE_FAMILY = "1,2";
			};
			name = Debug;
		};
		294CF4B0268DE5D100F79676 /* Release */ = {
			isa = XCBuildConfiguration;
			buildSettings = {
				ASSETCATALOG_COMPILER_APPICON_NAME = AppIcon;
				ASSETCATALOG_COMPILER_GLOBAL_ACCENT_COLOR_NAME = AccentColor;
				CODE_SIGN_STYLE = Automatic;
				DEVELOPMENT_ASSET_PATHS = "\"SnowFall/Preview Content\"";
				DEVELOPMENT_TEAM = 469RK4A4GN;
				ENABLE_PREVIEWS = YES;
				INFOPLIST_FILE = SnowFall/Info.plist;
				IPHONEOS_DEPLOYMENT_TARGET = 14.1;
				LD_RUNPATH_SEARCH_PATHS = (
					"$(inherited)",
					"@executable_path/Frameworks",
				);
				PRODUCT_BUNDLE_IDENTIFIER = com.SnowFall;
				PRODUCT_NAME = "$(TARGET_NAME)";
				SWIFT_VERSION = 5.0;
				TARGETED_DEVICE_FAMILY = "1,2";
			};
			name = Release;
		};
/* End XCBuildConfiguration section */

/* Begin XCConfigurationList section */
		294CF49A268DE5CD00F79676 /* Build configuration list for PBXProject "SnowFall" */ = {
			isa = XCConfigurationList;
			buildConfigurations = (
				294CF4AC268DE5D100F79676 /* Debug */,
				294CF4AD268DE5D100F79676 /* Release */,
			);
			defaultConfigurationIsVisible = 0;
			defaultConfigurationName = Release;
		};
		294CF4AE268DE5D100F79676 /* Build configuration list for PBXNativeTarget "SnowFall" */ = {
			isa = XCConfigurationList;
			buildConfigurations = (
				294CF4AF268DE5D100F79676 /* Debug */,
				294CF4B0268DE5D100F79676 /* Release */,
			);
			defaultConfigurationIsVisible = 0;
			defaultConfigurationName = Release;
		};
/* End XCConfigurationList section */
	};
	rootObject = 294CF497268DE5CD00F79676 /* Project object */;
}
